
Microsoft Visual Studio Solution File, Format Version 12.00
# Visual Studio 15
VisualStudioVersion = 15.0.27130.2027
MinimumVisualStudioVersion = 10.0.40219.1
Project("{8BC9CEB8-8B4A-11D0-8D11-00A0C91BC942}") = "SMS", "SMS\SMS.vcxproj", "{206F7618-62F3-4095-B7A8-74C50F9DA676}"
	ProjectSection(ProjectDependencies) = postProject
		{62C43B50-93BF-402B-97B9-14D8B1253DAF} = {62C43B50-93BF-402B-97B9-14D8B1253DAF}
	EndProjectSection
EndProject
Project("{FAE04EC0-301F-11D3-BF4B-00C04F79EFBC}") = "ShaderPacker", "ShaderPacker\ShaderPacker.csproj", "{62C43B50-93BF-402B-97B9-14D8B1253DAF}"
EndProject
Global
	GlobalSection(SolutionConfigurationPlatforms) = preSolution
		Debug|x64 = Debug|x64
		Debug|x86 = Debug|x86
		Release|x64 = Release|x64
		Release|x86 = Release|x86
	EndGlobalSection
	GlobalSection(ProjectConfigurationPlatforms) = postSolution
		{206F7618-62F3-4095-B7A8-74C50F9DA676}.Debug|x64.ActiveCfg = Debug|x64
		{206F7618-62F3-4095-B7A8-74C50F9DA676}.Debug|x64.Build.0 = Debug|x64
		{206F7618-62F3-4095-B7A8-74C50F9DA676}.Debug|x86.ActiveCfg = Debug|Win32
		{206F7618-62F3-4095-B7A8-74C50F9DA676}.Debug|x86.Build.0 = Debug|Win32
		{206F7618-62F3-4095-B7A8-74C50F9DA676}.Release|x64.ActiveCfg = Release|x64
		{206F7618-62F3-4095-B7A8-74C50F9DA676}.Release|x64.Build.0 = Release|x64
		{206F7618-62F3-4095-B7A8-74C50F9DA676}.Release|x86.ActiveCfg = Release|Win32
		{206F7618-62F3-4095-B7A8-74C50F9DA676}.Release|x86.Build.0 = Release|Win32
		{62C43B50-93BF-402B-97B9-14D8B1253DAF}.Debug|x64.ActiveCfg = Debug|Any CPU
		{62C43B50-93BF-402B-97B9-14D8B1253DAF}.Debug|x64.Build.0 = Debug|Any CPU
		{62C43B50-93BF-402B-97B9-14D8B1253DAF}.Debug|x86.ActiveCfg = Debug|Any CPU
		{62C43B50-93BF-402B-97B9-14D8B1253DAF}.Debug|x86.Build.0 = Debug|Any CPU
		{62C43B50-93BF-402B-97B9-14D8B1253DAF}.Release|x64.ActiveCfg = Release|Any CPU
		{62C43B50-93BF-402B-97B9-14D8B1253DAF}.Release|x64.Build.0 = Release|Any CPU
		{62C43B50-93BF-402B-97B9-14D8B1253DAF}.Release|x86.ActiveCfg = Release|Any CPU
		{62C43B50-93BF-402B-97B9-14D8B1253DAF}.Release|x86.Build.0 = Release|Any CPU
	EndGlobalSection
	GlobalSection(SolutionProperties) = preSolution
		HideSolutionNode = FALSE
	EndGlobalSection
	GlobalSection(ExtensibilityGlobals) = postSolution
		SolutionGuid = {58193FE9-9BE2-4623-913C-C593F50B9A3C}
	EndGlobalSection
EndGlobal
