<?xml version="1.0" encoding="utf-8"?>
<Project ToolsVersion="4.0" xmlns="http://schemas.microsoft.com/developer/msbuild/2003">
  <ItemGroup>
    <Filter Include="Source Files">
      <UniqueIdentifier>{4FC737F1-C7A5-4376-A066-2A32D752A2FF}</UniqueIdentifier>
      <Extensions>cpp;c;cc;cxx;def;odl;idl;hpj;bat;asm;asmx</Extensions>
    </Filter>
    <Filter Include="Header Files">
      <UniqueIdentifier>{93995380-89BD-4b04-88EB-625FBE52EBFB}</UniqueIdentifier>
      <Extensions>h;hh;hpp;hxx;hm;inl;inc;xsd</Extensions>
    </Filter>
    <Filter Include="Source Files\Tools">
      <UniqueIdentifier>{a82f60c8-87f5-46ce-9233-9e3d07987b7b}</UniqueIdentifier>
    </Filter>
    <Filter Include="Header Files\Tools">
      <UniqueIdentifier>{defd4a42-2ff9-4f29-91b5-3c88e89b8a17}</UniqueIdentifier>
    </Filter>
    <Filter Include="Source Files\Window">
      <UniqueIdentifier>{528bb9b2-919c-407b-a184-0500497173dd}</UniqueIdentifier>
    </Filter>
    <Filter Include="Header Files\Window">
      <UniqueIdentifier>{386d0f9d-b00c-4daa-b2cc-be005ca18a96}</UniqueIdentifier>
    </Filter>
    <Filter Include="Header Files\ShaderBuilt">
      <UniqueIdentifier>{0bcd9269-b3b4-4b37-9a4e-6a44e6d15166}</UniqueIdentifier>
    </Filter>
    <Filter Include="Header Files\Shaders">
      <UniqueIdentifier>{c02afee1-cc2a-4f86-b409-48522078122d}</UniqueIdentifier>
    </Filter>
  </ItemGroup>
  <ItemGroup>
    <ClInclude Include="targetver.h">
      <Filter>Header Files</Filter>
    </ClInclude>
    <ClInclude Include="SMS.h">
      <Filter>Header Files</Filter>
    </ClInclude>
    <ClInclude Include="Window\AWin32Window.h">
      <Filter>Header Files\Window</Filter>
    </ClInclude>
    <ClInclude Include="Window\ParametersWindow.h">
      <Filter>Header Files\Window</Filter>
    </ClInclude>
    <ClInclude Include="Tools\MeanLeanWindows.h">
      <Filter>Header Files\Tools</Filter>
    </ClInclude>
    <ClInclude Include="Tools\FragmentShader.h">
      <Filter>Header Files\Tools</Filter>
    </ClInclude>
    <ClInclude Include="Tools\Memory.h">
      <Filter>Header Files\Tools</Filter>
    </ClInclude>
    <ClInclude Include="ShaderBuilt\ShaderBuilt.h">
      <Filter>Header Files\ShaderBuilt</Filter>
    </ClInclude>
    <ClInclude Include="Tools\Debug.h">
      <Filter>Header Files\Tools</Filter>
    </ClInclude>
    <ClInclude Include="Tools\Math.h">
      <Filter>Header Files\Tools</Filter>
    </ClInclude>
    <ClInclude Include="Tools\GLHelper.h">
      <Filter>Header Files\Tools</Filter>
    </ClInclude>
  </ItemGroup>
  <ItemGroup>
    <ClCompile Include="SMS.cpp">
      <Filter>Source Files</Filter>
    </ClCompile>
    <ClCompile Include="Window\ParametersWindow.cpp">
      <Filter>Source Files\Window</Filter>
    </ClCompile>
    <ClCompile Include="Window\AWin32Window.cpp">
      <Filter>Source Files\Window</Filter>
    </ClCompile>
    <ClCompile Include="Tools\FragmentShader.cpp">
      <Filter>Source Files\Tools</Filter>
    </ClCompile>
    <ClCompile Include="Tools\Memory.cpp">
      <Filter>Source Files\Tools</Filter>
    </ClCompile>
    <ClCompile Include="ShaderBuilt\ShaderBuilt.cpp">
      <Filter>Header Files\ShaderBuilt</Filter>
    </ClCompile>
    <ClCompile Include="Tools\FltUsed.cpp">
      <Filter>Source Files\Tools</Filter>
    </ClCompile>
    <ClCompile Include="Tools\Debug.cpp">
      <Filter>Source Files\Tools</Filter>
    </ClCompile>
    <ClCompile Include="Tools\Math.cpp">
      <Filter>Source Files\Tools</Filter>
    </ClCompile>
    <ClCompile Include="Tools\GLHelper.cpp">
      <Filter>Source Files\Tools</Filter>
    </ClCompile>
  </ItemGroup>
  <ItemGroup>
    <None Include="Shaders\ShaderTest.glsl">
      <Filter>Header Files\Shaders</Filter>
    </None>
    <None Include="Shaders\RetroReflect.glsl">
      <Filter>Header Files\Shaders</Filter>
    </None>
    <None Include="Shaders\Shader2.glsl">
      <Filter>Header Files\Shaders</Filter>
    </None>
    <None Include="Shaders\Pharma.glsl">
      <Filter>Header Files\Shaders</Filter>
    </None>
    <None Include="Shaders\DebugMathFunction.glsl">
      <Filter>Header Files\Shaders</Filter>
    </None>
  </ItemGroup>
</Project>